
Microsoft Visual Studio Solution File, Format Version 12.00
# Visual Studio 15
VisualStudioVersion = 15.0.26730.10
MinimumVisualStudioVersion = 10.0.40219.1
Project("{FAE04EC0-301F-11D3-BF4B-00C04F79EFBC}") = "COD Stats", "COD Stats\COD Stats.csproj", "{361FBE59-5C05-4682-A918-AF48FE7B205D}"
EndProject
Project("{FAE04EC0-301F-11D3-BF4B-00C04F79EFBC}") = "COD", "..\..\..\- Plugins\cod-csharp-master\COD\COD.csproj", "{A3DDC398-3C4E-46B4-B4E4-ACA1124E8F8E}"
EndProject
Global
	GlobalSection(SolutionConfigurationPlatforms) = preSolution
		Debug|Any CPU = Debug|Any CPU
		Release|Any CPU = Release|Any CPU
	EndGlobalSection
	GlobalSection(ProjectConfigurationPlatforms) = postSolution
		{361FBE59-5C05-4682-A918-AF48FE7B205D}.Debug|Any CPU.ActiveCfg = Debug|Any CPU
		{361FBE59-5C05-4682-A918-AF48FE7B205D}.Debug|Any CPU.Build.0 = Debug|Any CPU
		{361FBE59-5C05-4682-A918-AF48FE7B205D}.Release|Any CPU.ActiveCfg = Release|Any CPU
		{361FBE59-5C05-4682-A918-AF48FE7B205D}.Release|Any CPU.Build.0 = Release|Any CPU
		{A3DDC398-3C4E-46B4-B4E4-ACA1124E8F8E}.Debug|Any CPU.ActiveCfg = Debug|Any CPU
		{A3DDC398-3C4E-46B4-B4E4-ACA1124E8F8E}.Debug|Any CPU.Build.0 = Debug|Any CPU
		{A3DDC398-3C4E-46B4-B4E4-ACA1124E8F8E}.Release|Any CPU.ActiveCfg = Release|Any CPU
		{A3DDC398-3C4E-46B4-B4E4-ACA1124E8F8E}.Release|Any CPU.Build.0 = Release|Any CPU
	EndGlobalSection
	GlobalSection(SolutionProperties) = preSolution
		HideSolutionNode = FALSE
	EndGlobalSection
	GlobalSection(ExtensibilityGlobals) = postSolution
		SolutionGuid = {616BC5BF-16B0-4573-89D2-FB79E194D614}
	EndGlobalSection
EndGlobal
